
Microsoft Visual Studio Solution File, Format Version 12.00
# Visual Studio Version 17
VisualStudioVersion = 17.11.35222.181
MinimumVisualStudioVersion = 10.0.40219.1
Project("{9A19103F-16F7-4668-BE54-9A1E7A4F7556}") = "azure-function-password-generator", "azure-function-password-generator.csproj", "{835807B1-0829-45F7-98FD-C4065B498496}"
EndProject
Global
	GlobalSection(SolutionConfigurationPlatforms) = preSolution
		Debug|Any CPU = Debug|Any CPU
		Release|Any CPU = Release|Any CPU
	EndGlobalSection
	GlobalSection(ProjectConfigurationPlatforms) = postSolution
		{835807B1-0829-45F7-98FD-C4065B498496}.Debug|Any CPU.ActiveCfg = Debug|Any CPU
		{835807B1-0829-45F7-98FD-C4065B498496}.Debug|Any CPU.Build.0 = Debug|Any CPU
		{835807B1-0829-45F7-98FD-C4065B498496}.Release|Any CPU.ActiveCfg = Release|Any CPU
		{835807B1-0829-45F7-98FD-C4065B498496}.Release|Any CPU.Build.0 = Release|Any CPU
	EndGlobalSection
	GlobalSection(SolutionProperties) = preSolution
		HideSolutionNode = FALSE
	EndGlobalSection
	GlobalSection(ExtensibilityGlobals) = postSolution
		SolutionGuid = {4E575C4E-06B6-48C6-BCE3-1EC2771F0D36}
	EndGlobalSection
EndGlobal
